
Microsoft Visual Studio Solution File, Format Version 12.00
# Visual Studio 14
VisualStudioVersion = 14.0.24720.0
MinimumVisualStudioVersion = 10.0.40219.1
Project("{FAE04EC0-301F-11D3-BF4B-00C04F79EFBC}") = "miniProjet2017", "miniProjet2017\miniProjet2017.csproj", "{E2801354-D5FE-46E9-82E8-84ED2E5D3E0D}"
EndProject
Global
	GlobalSection(SolutionConfigurationPlatforms) = preSolution
		Debug|Any CPU = Debug|Any CPU
		Release|Any CPU = Release|Any CPU
	EndGlobalSection
	GlobalSection(ProjectConfigurationPlatforms) = postSolution
		{E2801354-D5FE-46E9-82E8-84ED2E5D3E0D}.Debug|Any CPU.ActiveCfg = Debug|Any CPU
		{E2801354-D5FE-46E9-82E8-84ED2E5D3E0D}.Debug|Any CPU.Build.0 = Debug|Any CPU
		{E2801354-D5FE-46E9-82E8-84ED2E5D3E0D}.Release|Any CPU.ActiveCfg = Release|Any CPU
		{E2801354-D5FE-46E9-82E8-84ED2E5D3E0D}.Release|Any CPU.Build.0 = Release|Any CPU
	EndGlobalSection
	GlobalSection(SolutionProperties) = preSolution
		HideSolutionNode = FALSE
	EndGlobalSection
EndGlobal
